
Microsoft Visual Studio Solution File, Format Version 12.00
# Visual Studio 15
VisualStudioVersion = 15.0.27130.2026
MinimumVisualStudioVersion = 10.0.40219.1
Project("{FAE04EC0-301F-11D3-BF4B-00C04F79EFBC}") = "Math", "Math\Math.csproj", "{B2FC3C0D-CF49-440A-AC84-884E272755E2}"
EndProject
Global
	GlobalSection(SolutionConfigurationPlatforms) = preSolution
		Debug|Any CPU = Debug|Any CPU
		Release|Any CPU = Release|Any CPU
	EndGlobalSection
	GlobalSection(ProjectConfigurationPlatforms) = postSolution
		{B2FC3C0D-CF49-440A-AC84-884E272755E2}.Debug|Any CPU.ActiveCfg = Debug|Any CPU
		{B2FC3C0D-CF49-440A-AC84-884E272755E2}.Debug|Any CPU.Build.0 = Debug|Any CPU
		{B2FC3C0D-CF49-440A-AC84-884E272755E2}.Release|Any CPU.ActiveCfg = Release|Any CPU
		{B2FC3C0D-CF49-440A-AC84-884E272755E2}.Release|Any CPU.Build.0 = Release|Any CPU
	EndGlobalSection
	GlobalSection(SolutionProperties) = preSolution
		HideSolutionNode = FALSE
	EndGlobalSection
	GlobalSection(ExtensibilityGlobals) = postSolution
		SolutionGuid = {7FE02E56-FA25-47B9-AA3C-0F9CDBC1839B}
	EndGlobalSection
EndGlobal
