
Microsoft Visual Studio Solution File, Format Version 12.00
# Visual Studio 15
VisualStudioVersion = 15.0.27130.2026
MinimumVisualStudioVersion = 10.0.40219.1
Project("{FAE04EC0-301F-11D3-BF4B-00C04F79EFBC}") = "1", "1\1.csproj", "{E4F2D1B3-CCB8-4A5B-A4C6-80BBF52781B7}"
EndProject
Project("{FAE04EC0-301F-11D3-BF4B-00C04F79EFBC}") = "B", "B\B.csproj", "{0C3610F2-359C-4B0E-B81F-1CFE02912B00}"
EndProject
Project("{FAE04EC0-301F-11D3-BF4B-00C04F79EFBC}") = "C", "C\C.csproj", "{50106AEE-7E93-4725-9379-32C947698BEE}"
EndProject
Project("{FAE04EC0-301F-11D3-BF4B-00C04F79EFBC}") = "En", "En\En.csproj", "{9C77F9B2-2982-47F9-ACF8-3DAF2E30E770}"
EndProject
Project("{FAE04EC0-301F-11D3-BF4B-00C04F79EFBC}") = "G", "G\G.csproj", "{4A0C35BC-EF3D-4D5B-BE3F-E12399B9BFBF}"
EndProject
Project("{FAE04EC0-301F-11D3-BF4B-00C04F79EFBC}") = "H", "H\H.csproj", "{89614495-5DE4-481A-8B91-05C5668DF015}"
EndProject
Project("{FAE04EC0-301F-11D3-BF4B-00C04F79EFBC}") = "M", "M\M.csproj", "{1458C1F5-2B14-46B1-8BF2-E8BC4068FB60}"
EndProject
Project("{FAE04EC0-301F-11D3-BF4B-00C04F79EFBC}") = "P", "P\P.csproj", "{41522EF7-6F84-48AA-BBCC-803729400BD5}"
EndProject
Project("{FAE04EC0-301F-11D3-BF4B-00C04F79EFBC}") = "Po", "Po\Po.csproj", "{6BD540CD-8700-45BA-9158-89F92717337D}"
EndProject
Project("{FAE04EC0-301F-11D3-BF4B-00C04F79EFBC}") = "Spec", "Spec\Spec.csproj", "{50257727-FD86-4E74-AA53-A9255CD75AB4}"
EndProject
Project("{FAE04EC0-301F-11D3-BF4B-00C04F79EFBC}") = "Zh", "Zh\Zh.csproj", "{346D20E6-9227-4A62-A036-F47C1AF90A6C}"
EndProject
Global
	GlobalSection(SolutionConfigurationPlatforms) = preSolution
		Debug|Any CPU = Debug|Any CPU
		Release|Any CPU = Release|Any CPU
	EndGlobalSection
	GlobalSection(ProjectConfigurationPlatforms) = postSolution
		{E4F2D1B3-CCB8-4A5B-A4C6-80BBF52781B7}.Debug|Any CPU.ActiveCfg = Debug|Any CPU
		{E4F2D1B3-CCB8-4A5B-A4C6-80BBF52781B7}.Debug|Any CPU.Build.0 = Debug|Any CPU
		{E4F2D1B3-CCB8-4A5B-A4C6-80BBF52781B7}.Release|Any CPU.ActiveCfg = Release|Any CPU
		{E4F2D1B3-CCB8-4A5B-A4C6-80BBF52781B7}.Release|Any CPU.Build.0 = Release|Any CPU
		{0C3610F2-359C-4B0E-B81F-1CFE02912B00}.Debug|Any CPU.ActiveCfg = Debug|Any CPU
		{0C3610F2-359C-4B0E-B81F-1CFE02912B00}.Debug|Any CPU.Build.0 = Debug|Any CPU
		{0C3610F2-359C-4B0E-B81F-1CFE02912B00}.Release|Any CPU.ActiveCfg = Release|Any CPU
		{0C3610F2-359C-4B0E-B81F-1CFE02912B00}.Release|Any CPU.Build.0 = Release|Any CPU
		{50106AEE-7E93-4725-9379-32C947698BEE}.Debug|Any CPU.ActiveCfg = Debug|Any CPU
		{50106AEE-7E93-4725-9379-32C947698BEE}.Debug|Any CPU.Build.0 = Debug|Any CPU
		{50106AEE-7E93-4725-9379-32C947698BEE}.Release|Any CPU.ActiveCfg = Release|Any CPU
		{50106AEE-7E93-4725-9379-32C947698BEE}.Release|Any CPU.Build.0 = Release|Any CPU
		{9C77F9B2-2982-47F9-ACF8-3DAF2E30E770}.Debug|Any CPU.ActiveCfg = Debug|Any CPU
		{9C77F9B2-2982-47F9-ACF8-3DAF2E30E770}.Debug|Any CPU.Build.0 = Debug|Any CPU
		{9C77F9B2-2982-47F9-ACF8-3DAF2E30E770}.Release|Any CPU.ActiveCfg = Release|Any CPU
		{9C77F9B2-2982-47F9-ACF8-3DAF2E30E770}.Release|Any CPU.Build.0 = Release|Any CPU
		{4A0C35BC-EF3D-4D5B-BE3F-E12399B9BFBF}.Debug|Any CPU.ActiveCfg = Debug|Any CPU
		{4A0C35BC-EF3D-4D5B-BE3F-E12399B9BFBF}.Debug|Any CPU.Build.0 = Debug|Any CPU
		{4A0C35BC-EF3D-4D5B-BE3F-E12399B9BFBF}.Release|Any CPU.ActiveCfg = Release|Any CPU
		{4A0C35BC-EF3D-4D5B-BE3F-E12399B9BFBF}.Release|Any CPU.Build.0 = Release|Any CPU
		{89614495-5DE4-481A-8B91-05C5668DF015}.Debug|Any CPU.ActiveCfg = Debug|Any CPU
		{89614495-5DE4-481A-8B91-05C5668DF015}.Debug|Any CPU.Build.0 = Debug|Any CPU
		{89614495-5DE4-481A-8B91-05C5668DF015}.Release|Any CPU.ActiveCfg = Release|Any CPU
		{89614495-5DE4-481A-8B91-05C5668DF015}.Release|Any CPU.Build.0 = Release|Any CPU
		{1458C1F5-2B14-46B1-8BF2-E8BC4068FB60}.Debug|Any CPU.ActiveCfg = Debug|Any CPU
		{1458C1F5-2B14-46B1-8BF2-E8BC4068FB60}.Debug|Any CPU.Build.0 = Debug|Any CPU
		{1458C1F5-2B14-46B1-8BF2-E8BC4068FB60}.Release|Any CPU.ActiveCfg = Release|Any CPU
		{1458C1F5-2B14-46B1-8BF2-E8BC4068FB60}.Release|Any CPU.Build.0 = Release|Any CPU
		{41522EF7-6F84-48AA-BBCC-803729400BD5}.Debug|Any CPU.ActiveCfg = Debug|Any CPU
		{41522EF7-6F84-48AA-BBCC-803729400BD5}.Debug|Any CPU.Build.0 = Debug|Any CPU
		{41522EF7-6F84-48AA-BBCC-803729400BD5}.Release|Any CPU.ActiveCfg = Release|Any CPU
		{41522EF7-6F84-48AA-BBCC-803729400BD5}.Release|Any CPU.Build.0 = Release|Any CPU
		{6BD540CD-8700-45BA-9158-89F92717337D}.Debug|Any CPU.ActiveCfg = Debug|Any CPU
		{6BD540CD-8700-45BA-9158-89F92717337D}.Debug|Any CPU.Build.0 = Debug|Any CPU
		{6BD540CD-8700-45BA-9158-89F92717337D}.Release|Any CPU.ActiveCfg = Release|Any CPU
		{6BD540CD-8700-45BA-9158-89F92717337D}.Release|Any CPU.Build.0 = Release|Any CPU
		{50257727-FD86-4E74-AA53-A9255CD75AB4}.Debug|Any CPU.ActiveCfg = Debug|Any CPU
		{50257727-FD86-4E74-AA53-A9255CD75AB4}.Debug|Any CPU.Build.0 = Debug|Any CPU
		{50257727-FD86-4E74-AA53-A9255CD75AB4}.Release|Any CPU.ActiveCfg = Release|Any CPU
		{50257727-FD86-4E74-AA53-A9255CD75AB4}.Release|Any CPU.Build.0 = Release|Any CPU
		{346D20E6-9227-4A62-A036-F47C1AF90A6C}.Debug|Any CPU.ActiveCfg = Debug|Any CPU
		{346D20E6-9227-4A62-A036-F47C1AF90A6C}.Debug|Any CPU.Build.0 = Debug|Any CPU
		{346D20E6-9227-4A62-A036-F47C1AF90A6C}.Release|Any CPU.ActiveCfg = Release|Any CPU
		{346D20E6-9227-4A62-A036-F47C1AF90A6C}.Release|Any CPU.Build.0 = Release|Any CPU
	EndGlobalSection
	GlobalSection(SolutionProperties) = preSolution
		HideSolutionNode = FALSE
	EndGlobalSection
	GlobalSection(ExtensibilityGlobals) = postSolution
		SolutionGuid = {F8FE2400-6CE0-4254-AFAD-F7F0F2C0BA7A}
	EndGlobalSection
EndGlobal
